
Microsoft Visual Studio Solution File, Format Version 12.00
# Visual Studio Version 17
VisualStudioVersion = 17.10.34928.147
MinimumVisualStudioVersion = 10.0.40219.1
Project("{FAE04EC0-301F-11D3-BF4B-00C04F79EFBC}") = "AspAuthLocal", "AspAuthLocal\AspAuthLocal.csproj", "{1A8B0C4F-FF52-4251-81C8-B33476ED579E}"
EndProject
Global
	GlobalSection(SolutionConfigurationPlatforms) = preSolution
		Debug|Any CPU = Debug|Any CPU
		Release|Any CPU = Release|Any CPU
	EndGlobalSection
	GlobalSection(ProjectConfigurationPlatforms) = postSolution
		{1A8B0C4F-FF52-4251-81C8-B33476ED579E}.Debug|Any CPU.ActiveCfg = Debug|Any CPU
		{1A8B0C4F-FF52-4251-81C8-B33476ED579E}.Debug|Any CPU.Build.0 = Debug|Any CPU
		{1A8B0C4F-FF52-4251-81C8-B33476ED579E}.Release|Any CPU.ActiveCfg = Release|Any CPU
		{1A8B0C4F-FF52-4251-81C8-B33476ED579E}.Release|Any CPU.Build.0 = Release|Any CPU
	EndGlobalSection
	GlobalSection(SolutionProperties) = preSolution
		HideSolutionNode = FALSE
	EndGlobalSection
	GlobalSection(ExtensibilityGlobals) = postSolution
		SolutionGuid = {BBB154E5-46F3-425C-8068-BCF250B039DC}
	EndGlobalSection
EndGlobal
